
Microsoft Visual Studio Solution File, Format Version 12.00
# Visual Studio Version 17
VisualStudioVersion = 17.4.33205.214
MinimumVisualStudioVersion = 10.0.40219.1
Project("{9A19103F-16F7-4668-BE54-9A1E7A4F7556}") = "MVC BagShop", "AutoShop\MVC BagShop.csproj", "{366EB809-62BA-4070-8CFF-453554E8A0EB}"
EndProject
Project("{9A19103F-16F7-4668-BE54-9A1E7A4F7556}") = "DataAccess", "DataAccess\DataAccess.csproj", "{04D60817-2673-4930-A35C-19203D070B67}"
EndProject
Global
	GlobalSection(SolutionConfigurationPlatforms) = preSolution
		Debug|Any CPU = Debug|Any CPU
		Release|Any CPU = Release|Any CPU
	EndGlobalSection
	GlobalSection(ProjectConfigurationPlatforms) = postSolution
		{366EB809-62BA-4070-8CFF-453554E8A0EB}.Debug|Any CPU.ActiveCfg = Debug|Any CPU
		{366EB809-62BA-4070-8CFF-453554E8A0EB}.Debug|Any CPU.Build.0 = Debug|Any CPU
		{366EB809-62BA-4070-8CFF-453554E8A0EB}.Release|Any CPU.ActiveCfg = Release|Any CPU
		{366EB809-62BA-4070-8CFF-453554E8A0EB}.Release|Any CPU.Build.0 = Release|Any CPU
		{04D60817-2673-4930-A35C-19203D070B67}.Debug|Any CPU.ActiveCfg = Debug|Any CPU
		{04D60817-2673-4930-A35C-19203D070B67}.Debug|Any CPU.Build.0 = Debug|Any CPU
		{04D60817-2673-4930-A35C-19203D070B67}.Release|Any CPU.ActiveCfg = Release|Any CPU
		{04D60817-2673-4930-A35C-19203D070B67}.Release|Any CPU.Build.0 = Release|Any CPU
	EndGlobalSection
	GlobalSection(SolutionProperties) = preSolution
		HideSolutionNode = FALSE
	EndGlobalSection
	GlobalSection(ExtensibilityGlobals) = postSolution
		SolutionGuid = {3AD51EA6-17F8-418A-89BE-A95BEB0634F7}
	EndGlobalSection
EndGlobal
